# generated by rye
# use `rye lock` or `rye sync` to update this lockfile
#
# last locked with the following flags:
#   pre: false
#   features: []
#   all-features: false
#   with-sources: false
#   generate-hashes: false
#   universal: false

-e file:.
astroid==3.2.4
    # via pylint
black==24.4.2
blessed==1.20.0
    # via inquirer
cachetools==5.4.0
    # via git-plan
    # via tox
cfgv==3.4.0
    # via pre-commit
chardet==5.2.0
    # via tox
click==8.1.7
    # via black
colorama==0.4.6
    # via tox
coverage==7.6.0
dataclasses==0.6
    # via git-plan
dependency-injector==4.41.0
    # via git-plan
dill==0.3.8
    # via pylint
distlib==0.3.8
    # via virtualenv
editor==1.6.6
    # via inquirer
filelock==3.15.4
    # via tox
    # via virtualenv
flake8==7.1.0
    # via flake8-pyproject
flake8-pyproject==1.2.3
humanize==4.10.0
    # via git-plan
identify==2.6.0
    # via pre-commit
iniconfig==2.0.0
    # via pytest
inquirer==3.3.0
    # via git-plan
isort==5.13.2
    # via pylint
markdown-it-py==3.0.0
    # via rich
mccabe==0.7.0
    # via flake8
    # via pylint
mdurl==0.1.2
    # via markdown-it-py
mypy-extensions==1.0.0
    # via black
nodeenv==1.9.1
    # via pre-commit
    # via pyright
packaging==24.1
    # via black
    # via pyproject-api
    # via pytest
    # via tox
pathspec==0.12.1
    # via black
platformdirs==4.2.2
    # via black
    # via pylint
    # via tox
    # via virtualenv
pluggy==1.5.0
    # via pytest
    # via tox
pre-commit==3.7.1
pycodestyle==2.12.0
    # via flake8
pyflakes==3.2.0
    # via flake8
pygments==2.18.0
    # via rich
pylint==3.2.6
pyproject-api==1.7.1
    # via tox
pyright==1.1.372
pytest==8.3.1
pyyaml==6.0.1
    # via pre-commit
readchar==4.1.0
    # via inquirer
rich==13.7.1
    # via git-plan
runs==1.2.2
    # via editor
six==1.16.0
    # via blessed
    # via dependency-injector
tomlkit==0.13.0
    # via pylint
tox==4.16.0
virtualenv==20.26.3
    # via pre-commit
    # via tox
wcwidth==0.2.13
    # via blessed
xmod==1.8.1
    # via editor
    # via runs
